{
    "name": "ananas-aus-caracas",
    "version": "0.0.1",
    "lockfileVersion": 1,
    "requires": true,
    "dependencies": {
        "keypress": {
            "version": "0.2.1",
            "resolved": "https://registry.npmjs.org/keypress/-/keypress-0.2.1.tgz",
            "integrity": "sha512-HjorDJFNhnM4SicvaUXac0X77NiskggxJdesG72+O5zBKpSqKFCrqmndKVqpu3pFqkla0St6uGk8Ju0sCurrmg=="
        },
        "rot-js": {
            "version": "0.6.0",
            "resolved": "https://registry.npmjs.org/rot-js/-/rot-js-0.6.0.tgz",
            "integrity": "sha512-Pv/7vq4/eYyCC0CeiBK84TPprrgAv+9c1A7kkj/xvJ8QOQ9gPUFKl+JlFOTc89NEu+Nh52PhSEMXbKx1mLCN9w=="
        }
    }
}
